
Microsoft Visual Studio Solution File, Format Version 12.00
# Visual Studio Version 17
VisualStudioVersion = 17.3.32922.545
MinimumVisualStudioVersion = 10.0.40219.1
Project("{9A19103F-16F7-4668-BE54-9A1E7A4F7556}") = "WinUI-Todo", "WinUI-Todo.csproj", "{7C0238A5-4C2F-470B-BB52-F856A1289E02}"
EndProject
Global
	GlobalSection(SolutionConfigurationPlatforms) = preSolution
		Debug|arm64 = Debug|arm64
		Debug|x64 = Debug|x64
		Debug|x86 = Debug|x86
		Release|arm64 = Release|arm64
		Release|x64 = Release|x64
		Release|x86 = Release|x86
	EndGlobalSection
	GlobalSection(ProjectConfigurationPlatforms) = postSolution
		{7C0238A5-4C2F-470B-BB52-F856A1289E02}.Debug|arm64.ActiveCfg = Debug|arm64
		{7C0238A5-4C2F-470B-BB52-F856A1289E02}.Debug|arm64.Build.0 = Debug|arm64
		{7C0238A5-4C2F-470B-BB52-F856A1289E02}.Debug|arm64.Deploy.0 = Debug|arm64
		{7C0238A5-4C2F-470B-BB52-F856A1289E02}.Debug|x64.ActiveCfg = Debug|x64
		{7C0238A5-4C2F-470B-BB52-F856A1289E02}.Debug|x64.Build.0 = Debug|x64
		{7C0238A5-4C2F-470B-BB52-F856A1289E02}.Debug|x64.Deploy.0 = Debug|x64
		{7C0238A5-4C2F-470B-BB52-F856A1289E02}.Debug|x86.ActiveCfg = Debug|x86
		{7C0238A5-4C2F-470B-BB52-F856A1289E02}.Debug|x86.Build.0 = Debug|x86
		{7C0238A5-4C2F-470B-BB52-F856A1289E02}.Debug|x86.Deploy.0 = Debug|x86
		{7C0238A5-4C2F-470B-BB52-F856A1289E02}.Release|arm64.ActiveCfg = Release|arm64
		{7C0238A5-4C2F-470B-BB52-F856A1289E02}.Release|arm64.Build.0 = Release|arm64
		{7C0238A5-4C2F-470B-BB52-F856A1289E02}.Release|arm64.Deploy.0 = Release|arm64
		{7C0238A5-4C2F-470B-BB52-F856A1289E02}.Release|x64.ActiveCfg = Release|x64
		{7C0238A5-4C2F-470B-BB52-F856A1289E02}.Release|x64.Build.0 = Release|x64
		{7C0238A5-4C2F-470B-BB52-F856A1289E02}.Release|x64.Deploy.0 = Release|x64
		{7C0238A5-4C2F-470B-BB52-F856A1289E02}.Release|x86.ActiveCfg = Release|x86
		{7C0238A5-4C2F-470B-BB52-F856A1289E02}.Release|x86.Build.0 = Release|x86
		{7C0238A5-4C2F-470B-BB52-F856A1289E02}.Release|x86.Deploy.0 = Release|x86
	EndGlobalSection
	GlobalSection(SolutionProperties) = preSolution
		HideSolutionNode = FALSE
	EndGlobalSection
	GlobalSection(ExtensibilityGlobals) = postSolution
		SolutionGuid = {D87E6941-9A08-4F66-AE77-48E593DF387A}
	EndGlobalSection
EndGlobal
